
Microsoft Visual Studio Solution File, Format Version 12.00
# Visual Studio Version 17
VisualStudioVersion = 17.8.34309.116
MinimumVisualStudioVersion = 10.0.40219.1
Project("{FAE04EC0-301F-11D3-BF4B-00C04F79EFBC}") = "Tur_Agentstvo", "Tur_Agentstvo\Tur_Agentstvo.csproj", "{CA4EA176-4F76-4DDC-80A1-E15A9B0D2DA1}"
EndProject
Project("{FAE04EC0-301F-11D3-BF4B-00C04F79EFBC}") = "HashPasswords", "HashPasswords\HashPasswords.csproj", "{94CCCD39-E043-4111-BC85-FFE90E90C092}"
EndProject
Project("{FAE04EC0-301F-11D3-BF4B-00C04F79EFBC}") = "AddUser", "AddUser\AddUser.csproj", "{06270C5F-55B3-48E4-A492-4B71D3963070}"
EndProject
Global
	GlobalSection(SolutionConfigurationPlatforms) = preSolution
		Debug|Any CPU = Debug|Any CPU
		Release|Any CPU = Release|Any CPU
	EndGlobalSection
	GlobalSection(ProjectConfigurationPlatforms) = postSolution
		{CA4EA176-4F76-4DDC-80A1-E15A9B0D2DA1}.Debug|Any CPU.ActiveCfg = Debug|Any CPU
		{CA4EA176-4F76-4DDC-80A1-E15A9B0D2DA1}.Debug|Any CPU.Build.0 = Debug|Any CPU
		{CA4EA176-4F76-4DDC-80A1-E15A9B0D2DA1}.Release|Any CPU.ActiveCfg = Release|Any CPU
		{CA4EA176-4F76-4DDC-80A1-E15A9B0D2DA1}.Release|Any CPU.Build.0 = Release|Any CPU
		{94CCCD39-E043-4111-BC85-FFE90E90C092}.Debug|Any CPU.ActiveCfg = Debug|Any CPU
		{94CCCD39-E043-4111-BC85-FFE90E90C092}.Debug|Any CPU.Build.0 = Debug|Any CPU
		{94CCCD39-E043-4111-BC85-FFE90E90C092}.Release|Any CPU.ActiveCfg = Release|Any CPU
		{94CCCD39-E043-4111-BC85-FFE90E90C092}.Release|Any CPU.Build.0 = Release|Any CPU
		{06270C5F-55B3-48E4-A492-4B71D3963070}.Debug|Any CPU.ActiveCfg = Debug|Any CPU
		{06270C5F-55B3-48E4-A492-4B71D3963070}.Debug|Any CPU.Build.0 = Debug|Any CPU
		{06270C5F-55B3-48E4-A492-4B71D3963070}.Release|Any CPU.ActiveCfg = Release|Any CPU
		{06270C5F-55B3-48E4-A492-4B71D3963070}.Release|Any CPU.Build.0 = Release|Any CPU
	EndGlobalSection
	GlobalSection(SolutionProperties) = preSolution
		HideSolutionNode = FALSE
	EndGlobalSection
	GlobalSection(ExtensibilityGlobals) = postSolution
		SolutionGuid = {51867033-19A4-4334-8908-353AAB591296}
	EndGlobalSection
EndGlobal
